<?xml version="1.0" encoding="utf-8"?>
<!-- This file generate by plain framework admin tool, date: 2015-05-11 19:16:50 -->
<Project ToolsVersion="4.0" xmlns="http://schemas.microsoft.com/developer/msbuild/2003">
   <ItemGroup>
    <Filter Include="include">
      <UniqueIdentifier></UniqueIdentifier>
    </Filter>
    <Filter Include="include\structure">
      <UniqueIdentifier></UniqueIdentifier>
    </Filter>
    <Filter Include="include\structure\manager">
      <UniqueIdentifier></UniqueIdentifier>
    </Filter>
  </ItemGroup>  <ItemGroup>
    <Filter Include="src">
      <UniqueIdentifier></UniqueIdentifier>
    </Filter>
    <Filter Include="src\CMakeFiles">
      <UniqueIdentifier></UniqueIdentifier>
    </Filter>
    <Filter Include="src\manager">
      <UniqueIdentifier></UniqueIdentifier>
    </Filter>
    <Filter Include="src\CMakeFiles\plugin_structure.dir">
      <UniqueIdentifier></UniqueIdentifier>
    </Filter>
    <Filter Include="src\CMakeFiles\plugin_structure.dir\manager">
      <UniqueIdentifier></UniqueIdentifier>
    </Filter>
  </ItemGroup>
   <ItemGroup>
    <ClInclude Include="..\include\structure\config.h">
      <Filter>include\structure</Filter>
    </ClInclude>
    <ClInclude Include="..\include\structure\define.h">
      <Filter>include\structure</Filter>
    </ClInclude>
    <ClInclude Include="..\include\structure\math.h">
      <Filter>include\structure</Filter>
    </ClInclude>
    <ClInclude Include="..\include\structure\object.h">
      <Filter>include\structure</Filter>
    </ClInclude>
    <ClInclude Include="..\include\structure\objectlist.h">
      <Filter>include\structure</Filter>
    </ClInclude>
    <ClInclude Include="..\include\structure\manager\config.h">
      <Filter>include\structure\manager</Filter>
    </ClInclude>
    <ClInclude Include="..\include\structure\manager\object.h">
      <Filter>include\structure\manager</Filter>
    </ClInclude>
    <ClInclude Include="..\include\structure\manager\objectsingle.h">
      <Filter>include\structure\manager</Filter>
    </ClInclude>
    <ClInclude Include="resource.h" />
  </ItemGroup>  <ItemGroup>
    <ClCompile Include="..\src\define.cc">
      <Filter>src</Filter>
    </ClCompile>
    <ClCompile Include="..\src\math.cc">
      <Filter>src</Filter>
    </ClCompile>
    <ClCompile Include="..\src\object.cc">
      <Filter>src</Filter>
    </ClCompile>
    <ClCompile Include="..\src\objectlist.cc">
      <Filter>src</Filter>
    </ClCompile>
    <ClCompile Include="..\src\manager\object.cc">
      <Filter>src\manager</Filter>
    </ClCompile>
    <ClCompile Include="..\src\manager\objectsingle.cc">
      <Filter>src\manager</Filter>
    </ClCompile>
  </ItemGroup>
   <ItemGroup>
    <ResourceCompile Include="plugin_structure.rc" />
  </ItemGroup>
</Project>