<?xml version="1.0" encoding="utf-8"?>
<!-- This file generate by plain framework admin tool, date: 2015-05-11 19:17:30 -->
<Project ToolsVersion="4.0" xmlns="http://schemas.microsoft.com/developer/msbuild/2003">
   <ItemGroup>
    <Filter Include="include">
      <UniqueIdentifier></UniqueIdentifier>
    </Filter>
    <Filter Include="include\ai">
      <UniqueIdentifier></UniqueIdentifier>
    </Filter>
  </ItemGroup>  <ItemGroup>
    <Filter Include="src">
      <UniqueIdentifier></UniqueIdentifier>
    </Filter>
  </ItemGroup>
   <ItemGroup>
    <ClInclude Include="..\include\ai\action.h">
      <Filter>include\ai</Filter>
    </ClInclude>
    <ClInclude Include="..\include\ai\base.h">
      <Filter>include\ai</Filter>
    </ClInclude>
    <ClInclude Include="..\include\ai\config.h">
      <Filter>include\ai</Filter>
    </ClInclude>
    <ClInclude Include="..\include\ai\controller.h">
      <Filter>include\ai</Filter>
    </ClInclude>
    <ClInclude Include="..\include\ai\define.h">
      <Filter>include\ai</Filter>
    </ClInclude>
    <ClInclude Include="..\include\ai\event.h">
      <Filter>include\ai</Filter>
    </ClInclude>
    <ClInclude Include="..\include\ai\logic.h">
      <Filter>include\ai</Filter>
    </ClInclude>
    <ClInclude Include="..\include\ai\manager.h">
      <Filter>include\ai</Filter>
    </ClInclude>
    <ClInclude Include="..\include\ai\state.h">
      <Filter>include\ai</Filter>
    </ClInclude>
    <ClInclude Include="..\include\ai\template.h">
      <Filter>include\ai</Filter>
    </ClInclude>
    <ClInclude Include="..\include\ai\vm.h">
      <Filter>include\ai</Filter>
    </ClInclude>
    <ClInclude Include="resource.h" />
  </ItemGroup>  <ItemGroup>
    <ClCompile Include="..\src\action.cc">
      <Filter>src</Filter>
    </ClCompile>
    <ClCompile Include="..\src\base.cc">
      <Filter>src</Filter>
    </ClCompile>
    <ClCompile Include="..\src\controller.cc">
      <Filter>src</Filter>
    </ClCompile>
    <ClCompile Include="..\src\define.cc">
      <Filter>src</Filter>
    </ClCompile>
    <ClCompile Include="..\src\event.cc">
      <Filter>src</Filter>
    </ClCompile>
    <ClCompile Include="..\src\logic.cc">
      <Filter>src</Filter>
    </ClCompile>
    <ClCompile Include="..\src\manager.cc">
      <Filter>src</Filter>
    </ClCompile>
    <ClCompile Include="..\src\state.cc">
      <Filter>src</Filter>
    </ClCompile>
    <ClCompile Include="..\src\template.cc">
      <Filter>src</Filter>
    </ClCompile>
    <ClCompile Include="..\src\vm.cc">
      <Filter>src</Filter>
    </ClCompile>
  </ItemGroup>
   <ItemGroup>
    <ResourceCompile Include="plugin_ai.rc" />
  </ItemGroup>
</Project>