<?xml version="1.0" encoding="utf-8"?>
<!-- This file generate by plain framework admin tool, date: 2015-05-11 19:17:22 -->
<Project ToolsVersion="4.0" xmlns="http://schemas.microsoft.com/developer/msbuild/2003">
   <ItemGroup>
    <Filter Include="include">
      <UniqueIdentifier></UniqueIdentifier>
    </Filter>
    <Filter Include="include\scene">
      <UniqueIdentifier></UniqueIdentifier>
    </Filter>
    <Filter Include="include\scene\manager">
      <UniqueIdentifier></UniqueIdentifier>
    </Filter>
  </ItemGroup>  <ItemGroup>
    <Filter Include="src">
      <UniqueIdentifier></UniqueIdentifier>
    </Filter>
    <Filter Include="src\CMakeFiles">
      <UniqueIdentifier></UniqueIdentifier>
    </Filter>
    <Filter Include="src\manager">
      <UniqueIdentifier></UniqueIdentifier>
    </Filter>
    <Filter Include="src\CMakeFiles\plugin_scene.dir">
      <UniqueIdentifier></UniqueIdentifier>
    </Filter>
    <Filter Include="src\CMakeFiles\plugin_scene.dir\manager">
      <UniqueIdentifier></UniqueIdentifier>
    </Filter>
  </ItemGroup>
   <ItemGroup>
    <ClInclude Include="..\include\scene\chat_pipeline.h">
      <Filter>include\scene</Filter>
    </ClInclude>
    <ClInclude Include="..\include\scene\config.h">
      <Filter>include\scene</Filter>
    </ClInclude>
    <ClInclude Include="..\include\scene\define.h">
      <Filter>include\scene</Filter>
    </ClInclude>
    <ClInclude Include="..\include\scene\grid.h">
      <Filter>include\scene</Filter>
    </ClInclude>
    <ClInclude Include="..\include\scene\map.h">
      <Filter>include\scene</Filter>
    </ClInclude>
    <ClInclude Include="..\include\scene\pathfinder.h">
      <Filter>include\scene</Filter>
    </ClInclude>
    <ClInclude Include="..\include\scene\scaner.h">
      <Filter>include\scene</Filter>
    </ClInclude>
    <ClInclude Include="..\include\scene\scene.h">
      <Filter>include\scene</Filter>
    </ClInclude>
    <ClInclude Include="..\include\scene\thread.h">
      <Filter>include\scene</Filter>
    </ClInclude>
    <ClInclude Include="..\include\scene\timer.h">
      <Filter>include\scene</Filter>
    </ClInclude>
    <ClInclude Include="..\include\scene\manager\config.h">
      <Filter>include\scene\manager</Filter>
    </ClInclude>
    <ClInclude Include="..\include\scene\manager\dropposition.h">
      <Filter>include\scene\manager</Filter>
    </ClInclude>
    <ClInclude Include="..\include\scene\manager\fuben.h">
      <Filter>include\scene\manager</Filter>
    </ClInclude>
    <ClInclude Include="..\include\scene\manager\net.h">
      <Filter>include\scene\manager</Filter>
    </ClInclude>
    <ClInclude Include="..\include\scene\manager\pkregion.h">
      <Filter>include\scene\manager</Filter>
    </ClInclude>
    <ClInclude Include="..\include\scene\manager\recycleconnection.h">
      <Filter>include\scene\manager</Filter>
    </ClInclude>
    <ClInclude Include="..\include\scene\manager\region.h">
      <Filter>include\scene\manager</Filter>
    </ClInclude>
    <ClInclude Include="..\include\scene\manager\scene.h">
      <Filter>include\scene\manager</Filter>
    </ClInclude>
    <ClInclude Include="..\include\scene\manager\thread.h">
      <Filter>include\scene\manager</Filter>
    </ClInclude>
    <ClInclude Include="..\include\scene\manager\timerdoing.h">
      <Filter>include\scene\manager</Filter>
    </ClInclude>
    <ClInclude Include="..\include\scene\manager\variable.h">
      <Filter>include\scene\manager</Filter>
    </ClInclude>
    <ClInclude Include="resource.h" />
  </ItemGroup>  <ItemGroup>
    <ClCompile Include="..\src\chat_pipeline.cc">
      <Filter>src</Filter>
    </ClCompile>
    <ClCompile Include="..\src\define.cc">
      <Filter>src</Filter>
    </ClCompile>
    <ClCompile Include="..\src\grid.cc">
      <Filter>src</Filter>
    </ClCompile>
    <ClCompile Include="..\src\map.cc">
      <Filter>src</Filter>
    </ClCompile>
    <ClCompile Include="..\src\pathfinder.cc">
      <Filter>src</Filter>
    </ClCompile>
    <ClCompile Include="..\src\scaner.cc">
      <Filter>src</Filter>
    </ClCompile>
    <ClCompile Include="..\src\scene.cc">
      <Filter>src</Filter>
    </ClCompile>
    <ClCompile Include="..\src\thread.cc">
      <Filter>src</Filter>
    </ClCompile>
    <ClCompile Include="..\src\timer.cc">
      <Filter>src</Filter>
    </ClCompile>
    <ClCompile Include="..\src\manager\dropposition.cc">
      <Filter>src\manager</Filter>
    </ClCompile>
    <ClCompile Include="..\src\manager\fuben.cc">
      <Filter>src\manager</Filter>
    </ClCompile>
    <ClCompile Include="..\src\manager\net.cc">
      <Filter>src\manager</Filter>
    </ClCompile>
    <ClCompile Include="..\src\manager\pkregion.cc">
      <Filter>src\manager</Filter>
    </ClCompile>
    <ClCompile Include="..\src\manager\recycleconnection.cc">
      <Filter>src\manager</Filter>
    </ClCompile>
    <ClCompile Include="..\src\manager\region.cc">
      <Filter>src\manager</Filter>
    </ClCompile>
    <ClCompile Include="..\src\manager\scene.cc">
      <Filter>src\manager</Filter>
    </ClCompile>
    <ClCompile Include="..\src\manager\thread.cc">
      <Filter>src\manager</Filter>
    </ClCompile>
    <ClCompile Include="..\src\manager\timerdoing.cc">
      <Filter>src\manager</Filter>
    </ClCompile>
    <ClCompile Include="..\src\manager\variable.cc">
      <Filter>src\manager</Filter>
    </ClCompile>
  </ItemGroup>
   <ItemGroup>
    <ResourceCompile Include="plugin_scene.rc" />
  </ItemGroup>
</Project>